
Microsoft Visual Studio Solution File, Format Version 12.00
# Visual Studio Version 17
VisualStudioVersion = 17.7.34031.279
MinimumVisualStudioVersion = 10.0.40219.1
Project("{FAE04EC0-301F-11D3-BF4B-00C04F79EFBC}") = "SnippetManager.Server", "Server\SnippetManager.Server.csproj", "{91623B0B-06A4-4D6B-85C9-5EAB1252EF3D}"
EndProject
Project("{FAE04EC0-301F-11D3-BF4B-00C04F79EFBC}") = "SnippetManager.Client", "Client\SnippetManager.Client.csproj", "{390D1CE8-C8AF-4673-8B85-E1CCB7E6B712}"
EndProject
Project("{FAE04EC0-301F-11D3-BF4B-00C04F79EFBC}") = "SnippetManager.Shared", "Shared\SnippetManager.Shared.csproj", "{58179D27-E677-41CC-961D-441A3CC6B238}"
EndProject
Global
	GlobalSection(SolutionConfigurationPlatforms) = preSolution
		Debug|Any CPU = Debug|Any CPU
		Release|Any CPU = Release|Any CPU
	EndGlobalSection
	GlobalSection(ProjectConfigurationPlatforms) = postSolution
		{91623B0B-06A4-4D6B-85C9-5EAB1252EF3D}.Debug|Any CPU.ActiveCfg = Debug|Any CPU
		{91623B0B-06A4-4D6B-85C9-5EAB1252EF3D}.Debug|Any CPU.Build.0 = Debug|Any CPU
		{91623B0B-06A4-4D6B-85C9-5EAB1252EF3D}.Release|Any CPU.ActiveCfg = Release|Any CPU
		{91623B0B-06A4-4D6B-85C9-5EAB1252EF3D}.Release|Any CPU.Build.0 = Release|Any CPU
		{390D1CE8-C8AF-4673-8B85-E1CCB7E6B712}.Debug|Any CPU.ActiveCfg = Debug|Any CPU
		{390D1CE8-C8AF-4673-8B85-E1CCB7E6B712}.Debug|Any CPU.Build.0 = Debug|Any CPU
		{390D1CE8-C8AF-4673-8B85-E1CCB7E6B712}.Release|Any CPU.ActiveCfg = Release|Any CPU
		{390D1CE8-C8AF-4673-8B85-E1CCB7E6B712}.Release|Any CPU.Build.0 = Release|Any CPU
		{58179D27-E677-41CC-961D-441A3CC6B238}.Debug|Any CPU.ActiveCfg = Debug|Any CPU
		{58179D27-E677-41CC-961D-441A3CC6B238}.Debug|Any CPU.Build.0 = Debug|Any CPU
		{58179D27-E677-41CC-961D-441A3CC6B238}.Release|Any CPU.ActiveCfg = Release|Any CPU
		{58179D27-E677-41CC-961D-441A3CC6B238}.Release|Any CPU.Build.0 = Release|Any CPU
	EndGlobalSection
	GlobalSection(SolutionProperties) = preSolution
		HideSolutionNode = FALSE
	EndGlobalSection
	GlobalSection(ExtensibilityGlobals) = postSolution
		SolutionGuid = {94ABBDEB-1E38-4F44-AC50-C5432103FE6A}
	EndGlobalSection
EndGlobal
